
Microsoft Visual Studio Solution File, Format Version 12.00
Project("{FAE04EC0-301F-11D3-BF4B-00C04F79EFBC}") = "HornsAndHoovesCrm.Host", "HornsAndHoovesCrm.Host\HornsAndHoovesCrm.Host.csproj", "{1456F903-6501-4107-9C0C-1C3291C4F80C}"
EndProject
Project("{FAE04EC0-301F-11D3-BF4B-00C04F79EFBC}") = "HornsAndHoovesCrm.Modules.OpenApi", "HornsAndHoovesCrm.Modules.OpenApi\HornsAndHoovesCrm.Modules.OpenApi.csproj", "{621063C7-5946-4585-B320-68C1AF9C23DA}"
EndProject
Project("{FAE04EC0-301F-11D3-BF4B-00C04F79EFBC}") = "HornsAndHoovesCrm.Modules.Scalar", "HornsAndHoovesCrm.Modules.Scalar\HornsAndHoovesCrm.Modules.Scalar.csproj", "{79E571A5-973D-46B9-98BB-8D2B8A838CFB}"
EndProject
Project("{FAE04EC0-301F-11D3-BF4B-00C04F79EFBC}") = "HornsAndHoovesCrm.Modules.Specification", "HornsAndHoovesCrm.Modules.Specification\HornsAndHoovesCrm.Modules.Specification.csproj", "{AA81BD1A-CD43-4FAC-92B9-BCA1E876F0B7}"
EndProject
Project("{FAE04EC0-301F-11D3-BF4B-00C04F79EFBC}") = "HornsAndHoovesCrm.Modules.EntityFramework", "HornsAndHoovesCrm.Modules.EntityFramework\HornsAndHoovesCrm.Modules.EntityFramework.csproj", "{10E0A815-E2BC-40F4-9066-70466F419203}"
EndProject
Project("{FAE04EC0-301F-11D3-BF4B-00C04F79EFBC}") = "HornsAndHoovesCrm.Modules.EntityFramework.MsSql", "HornsAndHoovesCrm.Modules.EntityFramework.MsSql\HornsAndHoovesCrm.Modules.EntityFramework.MsSql.csproj", "{2EBDC919-0B6C-40EC-8FA0-0FB92D0ED373}"
EndProject
Project("{FAE04EC0-301F-11D3-BF4B-00C04F79EFBC}") = "HornsAndHoovesCrm.Modules.EntityFramework.PostgreSql", "HornsAndHoovesCrm.Modules.EntityFramework.PostgreSql\HornsAndHoovesCrm.Modules.EntityFramework.PostgreSql.csproj", "{60313B0E-B931-42CD-9811-CBE6EBB73ACE}"
EndProject
Project("{FAE04EC0-301F-11D3-BF4B-00C04F79EFBC}") = "HornsAndHoovesCrm.Modules.EntityFramework.MySql", "HornsAndHoovesCrm.Modules.EntityFramework.MySql\HornsAndHoovesCrm.Modules.EntityFramework.MySql.csproj", "{825007B9-295B-4344-B4E8-0CCE00B153EF}"
EndProject
Project("{FAE04EC0-301F-11D3-BF4B-00C04F79EFBC}") = "HornsAndHoovesCrm.Modules.EntityFramework.SqLite", "HornsAndHoovesCrm.Modules.EntityFramework.SqLite\HornsAndHoovesCrm.Modules.EntityFramework.SqLite.csproj", "{C69CC29A-3DD2-4FC8-93F7-5441A8D4FFD8}"
EndProject
Project("{FAE04EC0-301F-11D3-BF4B-00C04F79EFBC}") = "HornsAndHoovesCrm.Core", "HornsAndHoovesCrm.Core\HornsAndHoovesCrm.Core.csproj", "{558A4457-2CCC-4EA3-AC88-FF8CFF4C80CA}"
EndProject
Project("{FAE04EC0-301F-11D3-BF4B-00C04F79EFBC}") = "HornsAndHoovesCrm.Core.DataAccess", "HornsAndHoovesCrm.Core.DataAccess\HornsAndHoovesCrm.Core.DataAccess.csproj", "{C9C2DBDD-D0A3-4343-AC80-A8F9909710B3}"
EndProject
Project("{FAE04EC0-301F-11D3-BF4B-00C04F79EFBC}") = "HornsAndHoovesCrm.AspNetCore", "HornsAndHoovesCrm.AspNetCore\HornsAndHoovesCrm.AspNetCore.csproj", "{9444D041-FBAA-4689-A05B-8D27FEA53919}"
EndProject
Project("{FAE04EC0-301F-11D3-BF4B-00C04F79EFBC}") = "HornsAndHoovesCrm.Security", "HornsAndHoovesCrm.Security\HornsAndHoovesCrm.Security.csproj", "{6F0443D6-8746-45A7-B4FC-646811A6CCCC}"
EndProject
Project("{FAE04EC0-301F-11D3-BF4B-00C04F79EFBC}") = "HornsAndHoovesCrm.ObjectMapping", "HornsAndHoovesCrm.ObjectMapping\HornsAndHoovesCrm.ObjectMapping.csproj", "{21AD84C8-0DD7-4410-BB83-B3E2EB0530CC}"
EndProject
Project("{FAE04EC0-301F-11D3-BF4B-00C04F79EFBC}") = "HornsAndHoovesCrm.ObjectMapping.Mapster", "HornsAndHoovesCrm.ObjectMapping.Mapster\HornsAndHoovesCrm.ObjectMapping.Mapster.csproj", "{651EE39A-843F-439A-AF9C-F23E4841A451}"
EndProject
Project("{FAE04EC0-301F-11D3-BF4B-00C04F79EFBC}") = "HornsAndHoovesCrm.Domain", "HornsAndHoovesCrm.Domain\HornsAndHoovesCrm.Domain.csproj", "{2451E920-554C-4E34-9D8A-470807144313}"
EndProject
Project("{2150E333-8FDC-42A3-9474-1A3956D46DE8}") = "Identity", "Identity", "{1B49FC69-BF55-436E-AD4C-48F03C7B6242}"
EndProject
Project("{2150E333-8FDC-42A3-9474-1A3956D46DE8}") = "Modules", "Modules", "{CB91D70B-8339-4C48-BF05-E92014B99AD2}"
EndProject
Project("{FAE04EC0-301F-11D3-BF4B-00C04F79EFBC}") = "HornsAndHoovesCrm.Modules.Identity.Domain", "HornsAndHoovesCrm.Modules.Identity.Domain\HornsAndHoovesCrm.Modules.Identity.Domain.csproj", "{71E7DE59-83F2-402F-B441-37588CE5343A}"
EndProject
Project("{FAE04EC0-301F-11D3-BF4B-00C04F79EFBC}") = "HornsAndHoovesCrm.Modules.Identity.Domain.Shared", "HornsAndHoovesCrm.Modules.Identity.Domain.Shared\HornsAndHoovesCrm.Modules.Identity.Domain.Shared.csproj", "{55D2751E-4C7E-4B7A-9C3C-AADBE5D924AC}"
EndProject
Project("{FAE04EC0-301F-11D3-BF4B-00C04F79EFBC}") = "HornsAndHoovesCrm.Modules.Identity", "HornsAndHoovesCrm.Modules.Identity\HornsAndHoovesCrm.Modules.Identity.csproj", "{07AEBE03-1BA8-4FBB-AE03-DCAA78CB42B4}"
EndProject
Project("{FAE04EC0-301F-11D3-BF4B-00C04F79EFBC}") = "HornsAndHoovesCrm.AspNetCore.Jwt", "HornsAndHoovesCrm.AspNetCore.Jwt\HornsAndHoovesCrm.AspNetCore.Jwt.csproj", "{5F98804A-D89F-46B1-94EC-FB913B52DF4D}"
EndProject
Project("{FAE04EC0-301F-11D3-BF4B-00C04F79EFBC}") = "HornsAndHoovesCrm.Modules.Identity.AspNetCore", "HornsAndHoovesCrm.Modules.Identity.AspNetCore\HornsAndHoovesCrm.Modules.Identity.AspNetCore.csproj", "{CDBA0E44-E95B-49CF-97EF-998B1F170C5E}"
EndProject
Project("{FAE04EC0-301F-11D3-BF4B-00C04F79EFBC}") = "HornsAndHoovesCrm.Authorization", "HornsAndHoovesCrm.Authorization\HornsAndHoovesCrm.Authorization.csproj", "{5CE5365B-43C5-4236-BD33-DAE80BE9D022}"
EndProject
Project("{FAE04EC0-301F-11D3-BF4B-00C04F79EFBC}") = "HornsAndHoovesCrm.Authorization.Abstractions", "HornsAndHoovesCrm.Authorization.Abstractions\HornsAndHoovesCrm.Authorization.Abstractions.csproj", "{0D9FC49D-1DB0-400C-B412-2F7E8E8A9ACB}"
EndProject
Project("{FAE04EC0-301F-11D3-BF4B-00C04F79EFBC}") = "HornsAndHoovesCrm.Modules.Identity.AspNetCore.Jwt", "HornsAndHoovesCrm.Modules.Identity.AspNetCore.Jwt\HornsAndHoovesCrm.Modules.Identity.AspNetCore.Jwt.csproj", "{967B1C90-BD15-420B-BC05-6EF0DB5162B4}"
EndProject
Project("{FAE04EC0-301F-11D3-BF4B-00C04F79EFBC}") = "HornsAndHoovesCrm.Modules.Identity.Auth", "HornsAndHoovesCrm.Modules.Identity.Auth\HornsAndHoovesCrm.Modules.Identity.Auth.csproj", "{EAC362A2-FDC9-4E13-A902-57FD5FDF64E8}"
EndProject
Project("{FAE04EC0-301F-11D3-BF4B-00C04F79EFBC}") = "HornsAndHoovesCrm.Modules.Yarp", "HornsAndHoovesCrm.Modules.Yarp\HornsAndHoovesCrm.Modules.Yarp.csproj", "{ACF45DD1-FAFB-40C0-A0C4-D44376DE418B}"
EndProject
Project("{2150E333-8FDC-42A3-9474-1A3956D46DE8}") = "Tests", "Tests", "{0FA5C8C6-7616-4F71-94E5-BEA28B19B9F1}"
EndProject
Project("{FAE04EC0-301F-11D3-BF4B-00C04F79EFBC}") = "HornsAndHoovesCrm.Modules.OpenApi.Tests", "tests\HornsAndHoovesCrm.Modules.OpenApi.Tests\HornsAndHoovesCrm.Modules.OpenApi.Tests.csproj", "{CF21AC24-4B41-4173-A652-9549D240EF2C}"
EndProject
Project("{FAE04EC0-301F-11D3-BF4B-00C04F79EFBC}") = "HornsAndHoovesCrm.Modules.Yarp.Tests", "tests\HornsAndHoovesCrm.Modules.Yarp.Tests\HornsAndHoovesCrm.Modules.Yarp.Tests.csproj", "{ECBC1E32-C485-4B88-AEE0-5C4C82DCDC8A}"
EndProject
Project("{2150E333-8FDC-42A3-9474-1A3956D46DE8}") = "ReferenceData", "ReferenceData", "{73A250EA-246B-424A-AEA2-2E0EB3C2D18B}"
EndProject
Project("{FAE04EC0-301F-11D3-BF4B-00C04F79EFBC}") = "HornsAndHoovesCrm.Modules.ReferenceData.Admin.Api", "HornsAndHoovesCrm.Modules.ReferenceData.Admin.Api\HornsAndHoovesCrm.Modules.ReferenceData.Admin.Api.csproj", "{BCF3B4F2-25FA-43E7-A68B-005723F8F9DD}"
EndProject
Project("{FAE04EC0-301F-11D3-BF4B-00C04F79EFBC}") = "HornsAndHoovesCrm.Modules.ReferenceData.Domain", "HornsAndHoovesCrm.Modules.ReferenceData.Domain\HornsAndHoovesCrm.Modules.ReferenceData.Domain.csproj", "{11330935-E407-4797-90C8-814FDDEAAF93}"
EndProject
Project("{FAE04EC0-301F-11D3-BF4B-00C04F79EFBC}") = "HornsAndHoovesCrm.Modules.ReferenceData.DataAccess", "HornsAndHoovesCrm.Modules.ReferenceData.DataAccess\HornsAndHoovesCrm.Modules.ReferenceData.DataAccess.csproj", "{ACC5F046-1DF6-44E5-9AB7-CE734A6E27F1}"
EndProject
Project("{FAE04EC0-301F-11D3-BF4B-00C04F79EFBC}") = "HornsAndHoovesCrm.Modules.ReferenceData.Api", "HornsAndHoovesCrm.Modules.ReferenceData.Api\HornsAndHoovesCrm.Modules.ReferenceData.Api.csproj", "{48083E1B-E816-482E-9FCC-33609CF392D1}"
EndProject
Project("{FAE04EC0-301F-11D3-BF4B-00C04F79EFBC}") = "HornsAndHoovesCrm.Modules.ReferenceData.Admin.Contracts", "HornsAndHoovesCrm.Modules.ReferenceData.Admin.Contracts\HornsAndHoovesCrm.Modules.ReferenceData.Admin.Contracts.csproj", "{222B416E-5005-4C62-BF00-72E5ABC5AB38}"
EndProject
Project("{FAE04EC0-301F-11D3-BF4B-00C04F79EFBC}") = "HornsAndHoovesCrm.Modules.ReferenceData.Contracts", "HornsAndHoovesCrm.Modules.ReferenceData.Contracts\HornsAndHoovesCrm.Modules.ReferenceData.Contracts.csproj", "{6D474BC6-0830-4103-B685-61E44C65AB24}"
EndProject
Project("{FAE04EC0-301F-11D3-BF4B-00C04F79EFBC}") = "HornsAndHoovesCrm.Modules.ReferenceData.Domain.Shared", "HornsAndHoovesCrm.Modules.ReferenceData.Domain.Shared\HornsAndHoovesCrm.Modules.ReferenceData.Domain.Shared.csproj", "{5A4FECF9-2E0D-46EA-A003-33A5AB8B45B3}"
EndProject
Project("{2150E333-8FDC-42A3-9474-1A3956D46DE8}") = "Generators", "Generators", "{7F90DEF3-AB91-4840-95FC-9737E238CFB3}"
EndProject
Project("{FAE04EC0-301F-11D3-BF4B-00C04F79EFBC}") = "HornsAndHoovesCrm.Generators.Module", "HornsAndHoovesCrm.Generators.Module\HornsAndHoovesCrm.Generators.Module.csproj", "{9A2AE484-579C-4389-99E7-5A9750ED74C6}"
EndProject
Project("{FAE04EC0-301F-11D3-BF4B-00C04F79EFBC}") = "HornsAndHoovesCrm.Generators.Core", "HornsAndHoovesCrm.Generators.Core\HornsAndHoovesCrm.Generators.Core.csproj", "{BBC19C62-EEA8-4C4D-9D42-5D01EA62C475}"
EndProject
Project("{FAE04EC0-301F-11D3-BF4B-00C04F79EFBC}") = "HornsAndHoovesCrm.Generators.Application", "HornsAndHoovesCrm.Generators.Application\HornsAndHoovesCrm.Generators.Application.csproj", "{BC75897B-6906-41F5-92AA-CDBDB0BA6219}"
EndProject
Project("{FAE04EC0-301F-11D3-BF4B-00C04F79EFBC}") = "HornsAndHoovesCrm.Generators.AspNetCore.Api", "HornsAndHoovesCrm.Generators.AspNetCore.Api\HornsAndHoovesCrm.Generators.AspNetCore.Api.csproj", "{05718A03-CCBA-4B64-91CE-46BB0DE5E156}"
EndProject
Global
	GlobalSection(SolutionConfigurationPlatforms) = preSolution
		Debug|Any CPU = Debug|Any CPU
		Release|Any CPU = Release|Any CPU
	EndGlobalSection
	GlobalSection(ProjectConfigurationPlatforms) = postSolution
		{1456F903-6501-4107-9C0C-1C3291C4F80C}.Debug|Any CPU.ActiveCfg = Debug|Any CPU
		{1456F903-6501-4107-9C0C-1C3291C4F80C}.Debug|Any CPU.Build.0 = Debug|Any CPU
		{1456F903-6501-4107-9C0C-1C3291C4F80C}.Release|Any CPU.ActiveCfg = Release|Any CPU
		{1456F903-6501-4107-9C0C-1C3291C4F80C}.Release|Any CPU.Build.0 = Release|Any CPU
		{621063C7-5946-4585-B320-68C1AF9C23DA}.Debug|Any CPU.ActiveCfg = Debug|Any CPU
		{621063C7-5946-4585-B320-68C1AF9C23DA}.Debug|Any CPU.Build.0 = Debug|Any CPU
		{621063C7-5946-4585-B320-68C1AF9C23DA}.Release|Any CPU.ActiveCfg = Release|Any CPU
		{621063C7-5946-4585-B320-68C1AF9C23DA}.Release|Any CPU.Build.0 = Release|Any CPU
		{79E571A5-973D-46B9-98BB-8D2B8A838CFB}.Debug|Any CPU.ActiveCfg = Debug|Any CPU
		{79E571A5-973D-46B9-98BB-8D2B8A838CFB}.Debug|Any CPU.Build.0 = Debug|Any CPU
		{79E571A5-973D-46B9-98BB-8D2B8A838CFB}.Release|Any CPU.ActiveCfg = Release|Any CPU
		{79E571A5-973D-46B9-98BB-8D2B8A838CFB}.Release|Any CPU.Build.0 = Release|Any CPU
		{AA81BD1A-CD43-4FAC-92B9-BCA1E876F0B7}.Debug|Any CPU.ActiveCfg = Debug|Any CPU
		{AA81BD1A-CD43-4FAC-92B9-BCA1E876F0B7}.Debug|Any CPU.Build.0 = Debug|Any CPU
		{AA81BD1A-CD43-4FAC-92B9-BCA1E876F0B7}.Release|Any CPU.ActiveCfg = Release|Any CPU
		{AA81BD1A-CD43-4FAC-92B9-BCA1E876F0B7}.Release|Any CPU.Build.0 = Release|Any CPU
		{10E0A815-E2BC-40F4-9066-70466F419203}.Debug|Any CPU.ActiveCfg = Debug|Any CPU
		{10E0A815-E2BC-40F4-9066-70466F419203}.Debug|Any CPU.Build.0 = Debug|Any CPU
		{10E0A815-E2BC-40F4-9066-70466F419203}.Release|Any CPU.ActiveCfg = Release|Any CPU
		{10E0A815-E2BC-40F4-9066-70466F419203}.Release|Any CPU.Build.0 = Release|Any CPU
		{2EBDC919-0B6C-40EC-8FA0-0FB92D0ED373}.Debug|Any CPU.ActiveCfg = Debug|Any CPU
		{2EBDC919-0B6C-40EC-8FA0-0FB92D0ED373}.Debug|Any CPU.Build.0 = Debug|Any CPU
		{2EBDC919-0B6C-40EC-8FA0-0FB92D0ED373}.Release|Any CPU.ActiveCfg = Release|Any CPU
		{2EBDC919-0B6C-40EC-8FA0-0FB92D0ED373}.Release|Any CPU.Build.0 = Release|Any CPU
		{60313B0E-B931-42CD-9811-CBE6EBB73ACE}.Debug|Any CPU.ActiveCfg = Debug|Any CPU
		{60313B0E-B931-42CD-9811-CBE6EBB73ACE}.Debug|Any CPU.Build.0 = Debug|Any CPU
		{60313B0E-B931-42CD-9811-CBE6EBB73ACE}.Release|Any CPU.ActiveCfg = Release|Any CPU
		{60313B0E-B931-42CD-9811-CBE6EBB73ACE}.Release|Any CPU.Build.0 = Release|Any CPU
		{825007B9-295B-4344-B4E8-0CCE00B153EF}.Debug|Any CPU.ActiveCfg = Debug|Any CPU
		{825007B9-295B-4344-B4E8-0CCE00B153EF}.Debug|Any CPU.Build.0 = Debug|Any CPU
		{825007B9-295B-4344-B4E8-0CCE00B153EF}.Release|Any CPU.ActiveCfg = Release|Any CPU
		{825007B9-295B-4344-B4E8-0CCE00B153EF}.Release|Any CPU.Build.0 = Release|Any CPU
		{C69CC29A-3DD2-4FC8-93F7-5441A8D4FFD8}.Debug|Any CPU.ActiveCfg = Debug|Any CPU
		{C69CC29A-3DD2-4FC8-93F7-5441A8D4FFD8}.Debug|Any CPU.Build.0 = Debug|Any CPU
		{C69CC29A-3DD2-4FC8-93F7-5441A8D4FFD8}.Release|Any CPU.ActiveCfg = Release|Any CPU
		{C69CC29A-3DD2-4FC8-93F7-5441A8D4FFD8}.Release|Any CPU.Build.0 = Release|Any CPU
		{558A4457-2CCC-4EA3-AC88-FF8CFF4C80CA}.Debug|Any CPU.ActiveCfg = Debug|Any CPU
		{558A4457-2CCC-4EA3-AC88-FF8CFF4C80CA}.Debug|Any CPU.Build.0 = Debug|Any CPU
		{558A4457-2CCC-4EA3-AC88-FF8CFF4C80CA}.Release|Any CPU.ActiveCfg = Release|Any CPU
		{558A4457-2CCC-4EA3-AC88-FF8CFF4C80CA}.Release|Any CPU.Build.0 = Release|Any CPU
		{C9C2DBDD-D0A3-4343-AC80-A8F9909710B3}.Debug|Any CPU.ActiveCfg = Debug|Any CPU
		{C9C2DBDD-D0A3-4343-AC80-A8F9909710B3}.Debug|Any CPU.Build.0 = Debug|Any CPU
		{C9C2DBDD-D0A3-4343-AC80-A8F9909710B3}.Release|Any CPU.ActiveCfg = Release|Any CPU
		{C9C2DBDD-D0A3-4343-AC80-A8F9909710B3}.Release|Any CPU.Build.0 = Release|Any CPU
		{9444D041-FBAA-4689-A05B-8D27FEA53919}.Debug|Any CPU.ActiveCfg = Debug|Any CPU
		{9444D041-FBAA-4689-A05B-8D27FEA53919}.Debug|Any CPU.Build.0 = Debug|Any CPU
		{9444D041-FBAA-4689-A05B-8D27FEA53919}.Release|Any CPU.ActiveCfg = Release|Any CPU
		{9444D041-FBAA-4689-A05B-8D27FEA53919}.Release|Any CPU.Build.0 = Release|Any CPU
		{6F0443D6-8746-45A7-B4FC-646811A6CCCC}.Debug|Any CPU.ActiveCfg = Debug|Any CPU
		{6F0443D6-8746-45A7-B4FC-646811A6CCCC}.Debug|Any CPU.Build.0 = Debug|Any CPU
		{6F0443D6-8746-45A7-B4FC-646811A6CCCC}.Release|Any CPU.ActiveCfg = Release|Any CPU
		{6F0443D6-8746-45A7-B4FC-646811A6CCCC}.Release|Any CPU.Build.0 = Release|Any CPU
		{21AD84C8-0DD7-4410-BB83-B3E2EB0530CC}.Debug|Any CPU.ActiveCfg = Debug|Any CPU
		{21AD84C8-0DD7-4410-BB83-B3E2EB0530CC}.Debug|Any CPU.Build.0 = Debug|Any CPU
		{21AD84C8-0DD7-4410-BB83-B3E2EB0530CC}.Release|Any CPU.ActiveCfg = Release|Any CPU
		{21AD84C8-0DD7-4410-BB83-B3E2EB0530CC}.Release|Any CPU.Build.0 = Release|Any CPU
		{651EE39A-843F-439A-AF9C-F23E4841A451}.Debug|Any CPU.ActiveCfg = Debug|Any CPU
		{651EE39A-843F-439A-AF9C-F23E4841A451}.Debug|Any CPU.Build.0 = Debug|Any CPU
		{651EE39A-843F-439A-AF9C-F23E4841A451}.Release|Any CPU.ActiveCfg = Release|Any CPU
		{651EE39A-843F-439A-AF9C-F23E4841A451}.Release|Any CPU.Build.0 = Release|Any CPU
		{2451E920-554C-4E34-9D8A-470807144313}.Debug|Any CPU.ActiveCfg = Debug|Any CPU
		{2451E920-554C-4E34-9D8A-470807144313}.Debug|Any CPU.Build.0 = Debug|Any CPU
		{2451E920-554C-4E34-9D8A-470807144313}.Release|Any CPU.ActiveCfg = Release|Any CPU
		{2451E920-554C-4E34-9D8A-470807144313}.Release|Any CPU.Build.0 = Release|Any CPU
		{71E7DE59-83F2-402F-B441-37588CE5343A}.Debug|Any CPU.ActiveCfg = Debug|Any CPU
		{71E7DE59-83F2-402F-B441-37588CE5343A}.Debug|Any CPU.Build.0 = Debug|Any CPU
		{71E7DE59-83F2-402F-B441-37588CE5343A}.Release|Any CPU.ActiveCfg = Release|Any CPU
		{71E7DE59-83F2-402F-B441-37588CE5343A}.Release|Any CPU.Build.0 = Release|Any CPU
		{55D2751E-4C7E-4B7A-9C3C-AADBE5D924AC}.Debug|Any CPU.ActiveCfg = Debug|Any CPU
		{55D2751E-4C7E-4B7A-9C3C-AADBE5D924AC}.Debug|Any CPU.Build.0 = Debug|Any CPU
		{55D2751E-4C7E-4B7A-9C3C-AADBE5D924AC}.Release|Any CPU.ActiveCfg = Release|Any CPU
		{55D2751E-4C7E-4B7A-9C3C-AADBE5D924AC}.Release|Any CPU.Build.0 = Release|Any CPU
		{07AEBE03-1BA8-4FBB-AE03-DCAA78CB42B4}.Debug|Any CPU.ActiveCfg = Debug|Any CPU
		{07AEBE03-1BA8-4FBB-AE03-DCAA78CB42B4}.Debug|Any CPU.Build.0 = Debug|Any CPU
		{07AEBE03-1BA8-4FBB-AE03-DCAA78CB42B4}.Release|Any CPU.ActiveCfg = Release|Any CPU
		{07AEBE03-1BA8-4FBB-AE03-DCAA78CB42B4}.Release|Any CPU.Build.0 = Release|Any CPU
		{5F98804A-D89F-46B1-94EC-FB913B52DF4D}.Debug|Any CPU.ActiveCfg = Debug|Any CPU
		{5F98804A-D89F-46B1-94EC-FB913B52DF4D}.Debug|Any CPU.Build.0 = Debug|Any CPU
		{5F98804A-D89F-46B1-94EC-FB913B52DF4D}.Release|Any CPU.ActiveCfg = Release|Any CPU
		{5F98804A-D89F-46B1-94EC-FB913B52DF4D}.Release|Any CPU.Build.0 = Release|Any CPU
		{CDBA0E44-E95B-49CF-97EF-998B1F170C5E}.Debug|Any CPU.ActiveCfg = Debug|Any CPU
		{CDBA0E44-E95B-49CF-97EF-998B1F170C5E}.Debug|Any CPU.Build.0 = Debug|Any CPU
		{CDBA0E44-E95B-49CF-97EF-998B1F170C5E}.Release|Any CPU.ActiveCfg = Release|Any CPU
		{CDBA0E44-E95B-49CF-97EF-998B1F170C5E}.Release|Any CPU.Build.0 = Release|Any CPU
		{5CE5365B-43C5-4236-BD33-DAE80BE9D022}.Debug|Any CPU.ActiveCfg = Debug|Any CPU
		{5CE5365B-43C5-4236-BD33-DAE80BE9D022}.Debug|Any CPU.Build.0 = Debug|Any CPU
		{5CE5365B-43C5-4236-BD33-DAE80BE9D022}.Release|Any CPU.ActiveCfg = Release|Any CPU
		{5CE5365B-43C5-4236-BD33-DAE80BE9D022}.Release|Any CPU.Build.0 = Release|Any CPU
		{0D9FC49D-1DB0-400C-B412-2F7E8E8A9ACB}.Debug|Any CPU.ActiveCfg = Debug|Any CPU
		{0D9FC49D-1DB0-400C-B412-2F7E8E8A9ACB}.Debug|Any CPU.Build.0 = Debug|Any CPU
		{0D9FC49D-1DB0-400C-B412-2F7E8E8A9ACB}.Release|Any CPU.ActiveCfg = Release|Any CPU
		{0D9FC49D-1DB0-400C-B412-2F7E8E8A9ACB}.Release|Any CPU.Build.0 = Release|Any CPU
		{967B1C90-BD15-420B-BC05-6EF0DB5162B4}.Debug|Any CPU.ActiveCfg = Debug|Any CPU
		{967B1C90-BD15-420B-BC05-6EF0DB5162B4}.Debug|Any CPU.Build.0 = Debug|Any CPU
		{967B1C90-BD15-420B-BC05-6EF0DB5162B4}.Release|Any CPU.ActiveCfg = Release|Any CPU
		{967B1C90-BD15-420B-BC05-6EF0DB5162B4}.Release|Any CPU.Build.0 = Release|Any CPU
		{EAC362A2-FDC9-4E13-A902-57FD5FDF64E8}.Debug|Any CPU.ActiveCfg = Debug|Any CPU
		{EAC362A2-FDC9-4E13-A902-57FD5FDF64E8}.Debug|Any CPU.Build.0 = Debug|Any CPU
		{EAC362A2-FDC9-4E13-A902-57FD5FDF64E8}.Release|Any CPU.ActiveCfg = Release|Any CPU
		{EAC362A2-FDC9-4E13-A902-57FD5FDF64E8}.Release|Any CPU.Build.0 = Release|Any CPU
		{ACF45DD1-FAFB-40C0-A0C4-D44376DE418B}.Debug|Any CPU.ActiveCfg = Debug|Any CPU
		{ACF45DD1-FAFB-40C0-A0C4-D44376DE418B}.Debug|Any CPU.Build.0 = Debug|Any CPU
		{ACF45DD1-FAFB-40C0-A0C4-D44376DE418B}.Release|Any CPU.ActiveCfg = Release|Any CPU
		{ACF45DD1-FAFB-40C0-A0C4-D44376DE418B}.Release|Any CPU.Build.0 = Release|Any CPU
		{CF21AC24-4B41-4173-A652-9549D240EF2C}.Debug|Any CPU.ActiveCfg = Debug|Any CPU
		{CF21AC24-4B41-4173-A652-9549D240EF2C}.Debug|Any CPU.Build.0 = Debug|Any CPU
		{CF21AC24-4B41-4173-A652-9549D240EF2C}.Release|Any CPU.ActiveCfg = Release|Any CPU
		{CF21AC24-4B41-4173-A652-9549D240EF2C}.Release|Any CPU.Build.0 = Release|Any CPU
		{ECBC1E32-C485-4B88-AEE0-5C4C82DCDC8A}.Debug|Any CPU.ActiveCfg = Debug|Any CPU
		{ECBC1E32-C485-4B88-AEE0-5C4C82DCDC8A}.Debug|Any CPU.Build.0 = Debug|Any CPU
		{ECBC1E32-C485-4B88-AEE0-5C4C82DCDC8A}.Release|Any CPU.ActiveCfg = Release|Any CPU
		{ECBC1E32-C485-4B88-AEE0-5C4C82DCDC8A}.Release|Any CPU.Build.0 = Release|Any CPU
		{BCF3B4F2-25FA-43E7-A68B-005723F8F9DD}.Debug|Any CPU.ActiveCfg = Debug|Any CPU
		{BCF3B4F2-25FA-43E7-A68B-005723F8F9DD}.Debug|Any CPU.Build.0 = Debug|Any CPU
		{BCF3B4F2-25FA-43E7-A68B-005723F8F9DD}.Release|Any CPU.ActiveCfg = Release|Any CPU
		{BCF3B4F2-25FA-43E7-A68B-005723F8F9DD}.Release|Any CPU.Build.0 = Release|Any CPU
		{11330935-E407-4797-90C8-814FDDEAAF93}.Debug|Any CPU.ActiveCfg = Debug|Any CPU
		{11330935-E407-4797-90C8-814FDDEAAF93}.Debug|Any CPU.Build.0 = Debug|Any CPU
		{11330935-E407-4797-90C8-814FDDEAAF93}.Release|Any CPU.ActiveCfg = Release|Any CPU
		{11330935-E407-4797-90C8-814FDDEAAF93}.Release|Any CPU.Build.0 = Release|Any CPU
		{ACC5F046-1DF6-44E5-9AB7-CE734A6E27F1}.Debug|Any CPU.ActiveCfg = Debug|Any CPU
		{ACC5F046-1DF6-44E5-9AB7-CE734A6E27F1}.Debug|Any CPU.Build.0 = Debug|Any CPU
		{ACC5F046-1DF6-44E5-9AB7-CE734A6E27F1}.Release|Any CPU.ActiveCfg = Release|Any CPU
		{ACC5F046-1DF6-44E5-9AB7-CE734A6E27F1}.Release|Any CPU.Build.0 = Release|Any CPU
		{48083E1B-E816-482E-9FCC-33609CF392D1}.Debug|Any CPU.ActiveCfg = Debug|Any CPU
		{48083E1B-E816-482E-9FCC-33609CF392D1}.Debug|Any CPU.Build.0 = Debug|Any CPU
		{48083E1B-E816-482E-9FCC-33609CF392D1}.Release|Any CPU.ActiveCfg = Release|Any CPU
		{48083E1B-E816-482E-9FCC-33609CF392D1}.Release|Any CPU.Build.0 = Release|Any CPU
		{222B416E-5005-4C62-BF00-72E5ABC5AB38}.Debug|Any CPU.ActiveCfg = Debug|Any CPU
		{222B416E-5005-4C62-BF00-72E5ABC5AB38}.Debug|Any CPU.Build.0 = Debug|Any CPU
		{222B416E-5005-4C62-BF00-72E5ABC5AB38}.Release|Any CPU.ActiveCfg = Release|Any CPU
		{222B416E-5005-4C62-BF00-72E5ABC5AB38}.Release|Any CPU.Build.0 = Release|Any CPU
		{6D474BC6-0830-4103-B685-61E44C65AB24}.Debug|Any CPU.ActiveCfg = Debug|Any CPU
		{6D474BC6-0830-4103-B685-61E44C65AB24}.Debug|Any CPU.Build.0 = Debug|Any CPU
		{6D474BC6-0830-4103-B685-61E44C65AB24}.Release|Any CPU.ActiveCfg = Release|Any CPU
		{6D474BC6-0830-4103-B685-61E44C65AB24}.Release|Any CPU.Build.0 = Release|Any CPU
		{5A4FECF9-2E0D-46EA-A003-33A5AB8B45B3}.Debug|Any CPU.ActiveCfg = Debug|Any CPU
		{5A4FECF9-2E0D-46EA-A003-33A5AB8B45B3}.Debug|Any CPU.Build.0 = Debug|Any CPU
		{5A4FECF9-2E0D-46EA-A003-33A5AB8B45B3}.Release|Any CPU.ActiveCfg = Release|Any CPU
		{5A4FECF9-2E0D-46EA-A003-33A5AB8B45B3}.Release|Any CPU.Build.0 = Release|Any CPU
		{9A2AE484-579C-4389-99E7-5A9750ED74C6}.Debug|Any CPU.ActiveCfg = Debug|Any CPU
		{9A2AE484-579C-4389-99E7-5A9750ED74C6}.Debug|Any CPU.Build.0 = Debug|Any CPU
		{9A2AE484-579C-4389-99E7-5A9750ED74C6}.Release|Any CPU.ActiveCfg = Release|Any CPU
		{9A2AE484-579C-4389-99E7-5A9750ED74C6}.Release|Any CPU.Build.0 = Release|Any CPU
		{BBC19C62-EEA8-4C4D-9D42-5D01EA62C475}.Debug|Any CPU.ActiveCfg = Debug|Any CPU
		{BBC19C62-EEA8-4C4D-9D42-5D01EA62C475}.Debug|Any CPU.Build.0 = Debug|Any CPU
		{BBC19C62-EEA8-4C4D-9D42-5D01EA62C475}.Release|Any CPU.ActiveCfg = Release|Any CPU
		{BBC19C62-EEA8-4C4D-9D42-5D01EA62C475}.Release|Any CPU.Build.0 = Release|Any CPU
		{BC75897B-6906-41F5-92AA-CDBDB0BA6219}.Debug|Any CPU.ActiveCfg = Debug|Any CPU
		{BC75897B-6906-41F5-92AA-CDBDB0BA6219}.Debug|Any CPU.Build.0 = Debug|Any CPU
		{BC75897B-6906-41F5-92AA-CDBDB0BA6219}.Release|Any CPU.ActiveCfg = Release|Any CPU
		{BC75897B-6906-41F5-92AA-CDBDB0BA6219}.Release|Any CPU.Build.0 = Release|Any CPU
		{05718A03-CCBA-4B64-91CE-46BB0DE5E156}.Debug|Any CPU.ActiveCfg = Debug|Any CPU
		{05718A03-CCBA-4B64-91CE-46BB0DE5E156}.Debug|Any CPU.Build.0 = Debug|Any CPU
		{05718A03-CCBA-4B64-91CE-46BB0DE5E156}.Release|Any CPU.ActiveCfg = Release|Any CPU
		{05718A03-CCBA-4B64-91CE-46BB0DE5E156}.Release|Any CPU.Build.0 = Release|Any CPU
	EndGlobalSection
	GlobalSection(NestedProjects) = preSolution
		{1B49FC69-BF55-436E-AD4C-48F03C7B6242} = {CB91D70B-8339-4C48-BF05-E92014B99AD2}
		{71E7DE59-83F2-402F-B441-37588CE5343A} = {1B49FC69-BF55-436E-AD4C-48F03C7B6242}
		{55D2751E-4C7E-4B7A-9C3C-AADBE5D924AC} = {1B49FC69-BF55-436E-AD4C-48F03C7B6242}
		{07AEBE03-1BA8-4FBB-AE03-DCAA78CB42B4} = {1B49FC69-BF55-436E-AD4C-48F03C7B6242}
		{CDBA0E44-E95B-49CF-97EF-998B1F170C5E} = {1B49FC69-BF55-436E-AD4C-48F03C7B6242}
		{967B1C90-BD15-420B-BC05-6EF0DB5162B4} = {1B49FC69-BF55-436E-AD4C-48F03C7B6242}
		{EAC362A2-FDC9-4E13-A902-57FD5FDF64E8} = {1B49FC69-BF55-436E-AD4C-48F03C7B6242}
		{CF21AC24-4B41-4173-A652-9549D240EF2C} = {0FA5C8C6-7616-4F71-94E5-BEA28B19B9F1}
		{ECBC1E32-C485-4B88-AEE0-5C4C82DCDC8A} = {0FA5C8C6-7616-4F71-94E5-BEA28B19B9F1}
		{73A250EA-246B-424A-AEA2-2E0EB3C2D18B} = {CB91D70B-8339-4C48-BF05-E92014B99AD2}
		{BCF3B4F2-25FA-43E7-A68B-005723F8F9DD} = {73A250EA-246B-424A-AEA2-2E0EB3C2D18B}
		{11330935-E407-4797-90C8-814FDDEAAF93} = {73A250EA-246B-424A-AEA2-2E0EB3C2D18B}
		{ACC5F046-1DF6-44E5-9AB7-CE734A6E27F1} = {73A250EA-246B-424A-AEA2-2E0EB3C2D18B}
		{48083E1B-E816-482E-9FCC-33609CF392D1} = {73A250EA-246B-424A-AEA2-2E0EB3C2D18B}
		{222B416E-5005-4C62-BF00-72E5ABC5AB38} = {73A250EA-246B-424A-AEA2-2E0EB3C2D18B}
		{6D474BC6-0830-4103-B685-61E44C65AB24} = {73A250EA-246B-424A-AEA2-2E0EB3C2D18B}
		{5A4FECF9-2E0D-46EA-A003-33A5AB8B45B3} = {73A250EA-246B-424A-AEA2-2E0EB3C2D18B}
		{9A2AE484-579C-4389-99E7-5A9750ED74C6} = {7F90DEF3-AB91-4840-95FC-9737E238CFB3}
		{BBC19C62-EEA8-4C4D-9D42-5D01EA62C475} = {7F90DEF3-AB91-4840-95FC-9737E238CFB3}
		{BC75897B-6906-41F5-92AA-CDBDB0BA6219} = {7F90DEF3-AB91-4840-95FC-9737E238CFB3}
		{05718A03-CCBA-4B64-91CE-46BB0DE5E156} = {7F90DEF3-AB91-4840-95FC-9737E238CFB3}
	EndGlobalSection
EndGlobal
