
Microsoft Visual Studio Solution File, Format Version 12.00
Project("{FAE04EC0-301F-11D3-BF4B-00C04F79EFBC}") = "HornsAndHoovesCrm.Host", "HornsAndHoovesCrm.Host\HornsAndHoovesCrm.Host.csproj", "{1456F903-6501-4107-9C0C-1C3291C4F80C}"
EndProject
Project("{FAE04EC0-301F-11D3-BF4B-00C04F79EFBC}") = "HornsAndHoovesCrm.OpenApi", "HornsAndHoovesCrm.OpenApi\HornsAndHoovesCrm.OpenApi.csproj", "{621063C7-5946-4585-B320-68C1AF9C23DA}"
EndProject
Project("{FAE04EC0-301F-11D3-BF4B-00C04F79EFBC}") = "HornsAndHoovesCrm.Scalar", "HornsAndHoovesCrm.Scalar\HornsAndHoovesCrm.Scalar.csproj", "{79E571A5-973D-46B9-98BB-8D2B8A838CFB}"
EndProject
Global
	GlobalSection(SolutionConfigurationPlatforms) = preSolution
		Debug|Any CPU = Debug|Any CPU
		Release|Any CPU = Release|Any CPU
	EndGlobalSection
	GlobalSection(ProjectConfigurationPlatforms) = postSolution
		{1456F903-6501-4107-9C0C-1C3291C4F80C}.Debug|Any CPU.ActiveCfg = Debug|Any CPU
		{1456F903-6501-4107-9C0C-1C3291C4F80C}.Debug|Any CPU.Build.0 = Debug|Any CPU
		{1456F903-6501-4107-9C0C-1C3291C4F80C}.Release|Any CPU.ActiveCfg = Release|Any CPU
		{1456F903-6501-4107-9C0C-1C3291C4F80C}.Release|Any CPU.Build.0 = Release|Any CPU
		{621063C7-5946-4585-B320-68C1AF9C23DA}.Debug|Any CPU.ActiveCfg = Debug|Any CPU
		{621063C7-5946-4585-B320-68C1AF9C23DA}.Debug|Any CPU.Build.0 = Debug|Any CPU
		{621063C7-5946-4585-B320-68C1AF9C23DA}.Release|Any CPU.ActiveCfg = Release|Any CPU
		{621063C7-5946-4585-B320-68C1AF9C23DA}.Release|Any CPU.Build.0 = Release|Any CPU
		{79E571A5-973D-46B9-98BB-8D2B8A838CFB}.Debug|Any CPU.ActiveCfg = Debug|Any CPU
		{79E571A5-973D-46B9-98BB-8D2B8A838CFB}.Debug|Any CPU.Build.0 = Debug|Any CPU
		{79E571A5-973D-46B9-98BB-8D2B8A838CFB}.Release|Any CPU.ActiveCfg = Release|Any CPU
		{79E571A5-973D-46B9-98BB-8D2B8A838CFB}.Release|Any CPU.Build.0 = Release|Any CPU
	EndGlobalSection
EndGlobal
