
Microsoft Visual Studio Solution File, Format Version 12.00
Project("{FAE04EC0-301F-11D3-BF4B-00C04F79EFBC}") = "HornsAndHoovesCrm.Host", "HornsAndHoovesCrm.Host\HornsAndHoovesCrm.Host.csproj", "{1456F903-6501-4107-9C0C-1C3291C4F80C}"
EndProject
Project("{FAE04EC0-301F-11D3-BF4B-00C04F79EFBC}") = "HornsAndHoovesCrm.Modules.OpenApi", "HornsAndHoovesCrm.Modules.OpenApi\HornsAndHoovesCrm.Modules.OpenApi.csproj", "{621063C7-5946-4585-B320-68C1AF9C23DA}"
EndProject
Project("{FAE04EC0-301F-11D3-BF4B-00C04F79EFBC}") = "HornsAndHoovesCrm.Modules.Scalar", "HornsAndHoovesCrm.Modules.Scalar\HornsAndHoovesCrm.Modules.Scalar.csproj", "{79E571A5-973D-46B9-98BB-8D2B8A838CFB}"
EndProject
Project("{FAE04EC0-301F-11D3-BF4B-00C04F79EFBC}") = "HornsAndHoovesCrm.Modules.Domain", "HornsAndHoovesCrm.Modules.Domain\HornsAndHoovesCrm.Modules.Domain.csproj", "{1228F8EF-AF32-47A2-9E31-01AF6AB5889F}"
EndProject
Project("{FAE04EC0-301F-11D3-BF4B-00C04F79EFBC}") = "HornsAndHoovesCrm.Modules.Specification", "HornsAndHoovesCrm.Modules.Specification\HornsAndHoovesCrm.Modules.Specification.csproj", "{AA81BD1A-CD43-4FAC-92B9-BCA1E876F0B7}"
EndProject
Project("{FAE04EC0-301F-11D3-BF4B-00C04F79EFBC}") = "HornsAndHoovesCrm.Modules.EntityFramework", "HornsAndHoovesCrm.Modules.EntityFramework\HornsAndHoovesCrm.Modules.EntityFramework.csproj", "{10E0A815-E2BC-40F4-9066-70466F419203}"
EndProject
Project("{FAE04EC0-301F-11D3-BF4B-00C04F79EFBC}") = "HornsAndHoovesCrm.Modules.EntityFramework.MsSql", "HornsAndHoovesCrm.Modules.EntityFramework.MsSql\HornsAndHoovesCrm.Modules.EntityFramework.MsSql.csproj", "{2EBDC919-0B6C-40EC-8FA0-0FB92D0ED373}"
EndProject
Project("{FAE04EC0-301F-11D3-BF4B-00C04F79EFBC}") = "HornsAndHoovesCrm.Modules.EntityFramework.PostgreSql", "HornsAndHoovesCrm.Modules.EntityFramework.PostgreSql\HornsAndHoovesCrm.Modules.EntityFramework.PostgreSql.csproj", "{60313B0E-B931-42CD-9811-CBE6EBB73ACE}"
EndProject
Project("{FAE04EC0-301F-11D3-BF4B-00C04F79EFBC}") = "HornsAndHoovesCrm.Modules.EntityFramework.MySql", "HornsAndHoovesCrm.Modules.EntityFramework.MySql\HornsAndHoovesCrm.Modules.EntityFramework.MySql.csproj", "{825007B9-295B-4344-B4E8-0CCE00B153EF}"
EndProject
Project("{FAE04EC0-301F-11D3-BF4B-00C04F79EFBC}") = "HornsAndHoovesCrm.Modules.EntityFramework.SqLite", "HornsAndHoovesCrm.Modules.EntityFramework.SqLite\HornsAndHoovesCrm.Modules.EntityFramework.SqLite.csproj", "{C69CC29A-3DD2-4FC8-93F7-5441A8D4FFD8}"
EndProject
Project("{FAE04EC0-301F-11D3-BF4B-00C04F79EFBC}") = "HornsAndHoovesCrm.Core", "HornsAndHoovesCrm.Core\HornsAndHoovesCrm.Core.csproj", "{558A4457-2CCC-4EA3-AC88-FF8CFF4C80CA}"
EndProject
Project("{FAE04EC0-301F-11D3-BF4B-00C04F79EFBC}") = "HornsAndHoovesCrm.Core.DataAccess", "HornsAndHoovesCrm.Core.DataAccess\HornsAndHoovesCrm.Core.DataAccess.csproj", "{C9C2DBDD-D0A3-4343-AC80-A8F9909710B3}"
EndProject
Project("{FAE04EC0-301F-11D3-BF4B-00C04F79EFBC}") = "HornsAndHoovesCrm.AspNetCore", "HornsAndHoovesCrm.AspNetCore\HornsAndHoovesCrm.AspNetCore.csproj", "{9444D041-FBAA-4689-A05B-8D27FEA53919}"
EndProject
Project("{FAE04EC0-301F-11D3-BF4B-00C04F79EFBC}") = "HornsAndHoovesCrm.Security", "HornsAndHoovesCrm.Security\HornsAndHoovesCrm.Security.csproj", "{6F0443D6-8746-45A7-B4FC-646811A6CCCC}"
EndProject
Project("{FAE04EC0-301F-11D3-BF4B-00C04F79EFBC}") = "HornsAndHoovesCrm.ObjectMapping", "HornsAndHoovesCrm.ObjectMapping\HornsAndHoovesCrm.ObjectMapping.csproj", "{21AD84C8-0DD7-4410-BB83-B3E2EB0530CC}"
EndProject
Project("{FAE04EC0-301F-11D3-BF4B-00C04F79EFBC}") = "HornsAndHoovesCrm.ObjectMapping.Mapster", "HornsAndHoovesCrm.ObjectMapping.Mapster\HornsAndHoovesCrm.ObjectMapping.Mapster.csproj", "{651EE39A-843F-439A-AF9C-F23E4841A451}"
EndProject
Project("{FAE04EC0-301F-11D3-BF4B-00C04F79EFBC}") = "HornsAndHoovesCrm.Domain", "HornsAndHoovesCrm.Domain\HornsAndHoovesCrm.Domain.csproj", "{2451E920-554C-4E34-9D8A-470807144313}"
EndProject
Project("{2150E333-8FDC-42A3-9474-1A3956D46DE8}") = "Identity", "Identity", "{1B49FC69-BF55-436E-AD4C-48F03C7B6242}"
EndProject
Project("{2150E333-8FDC-42A3-9474-1A3956D46DE8}") = "Modules", "Modules", "{CB91D70B-8339-4C48-BF05-E92014B99AD2}"
EndProject
Project("{FAE04EC0-301F-11D3-BF4B-00C04F79EFBC}") = "HornsAndHoovesCrm.Modules.Identity.Domain", "HornsAndHoovesCrm.Modules.Identity.Domain\HornsAndHoovesCrm.Modules.Identity.Domain.csproj", "{71E7DE59-83F2-402F-B441-37588CE5343A}"
EndProject
Project("{FAE04EC0-301F-11D3-BF4B-00C04F79EFBC}") = "HornsAndHoovesCrm.Modules.Identity.Domain.Shared", "HornsAndHoovesCrm.Modules.Identity.Domain.Shared\HornsAndHoovesCrm.Modules.Identity.Domain.Shared.csproj", "{55D2751E-4C7E-4B7A-9C3C-AADBE5D924AC}"
EndProject
Project("{FAE04EC0-301F-11D3-BF4B-00C04F79EFBC}") = "HornsAndHoovesCrm.Modules.Identity", "HornsAndHoovesCrm.Modules.Identity\HornsAndHoovesCrm.Modules.Identity.csproj", "{07AEBE03-1BA8-4FBB-AE03-DCAA78CB42B4}"
EndProject
Project("{FAE04EC0-301F-11D3-BF4B-00C04F79EFBC}") = "HornsAndHoovesCrm.AspNetCore.Jwt", "HornsAndHoovesCrm.AspNetCore.Jwt\HornsAndHoovesCrm.AspNetCore.Jwt.csproj", "{5F98804A-D89F-46B1-94EC-FB913B52DF4D}"
EndProject
Project("{FAE04EC0-301F-11D3-BF4B-00C04F79EFBC}") = "HornsAndHoovesCrm.Modules.Identity.AspNetCore", "HornsAndHoovesCrm.Modules.Identity.AspNetCore\HornsAndHoovesCrm.Modules.Identity.AspNetCore.csproj", "{CDBA0E44-E95B-49CF-97EF-998B1F170C5E}"
EndProject
Project("{FAE04EC0-301F-11D3-BF4B-00C04F79EFBC}") = "HornsAndHoovesCrm.Authorization", "HornsAndHoovesCrm.Authorization\HornsAndHoovesCrm.Authorization.csproj", "{5CE5365B-43C5-4236-BD33-DAE80BE9D022}"
EndProject
Project("{FAE04EC0-301F-11D3-BF4B-00C04F79EFBC}") = "HornsAndHoovesCrm.Authorization.Abstractions", "HornsAndHoovesCrm.Authorization.Abstractions\HornsAndHoovesCrm.Authorization.Abstractions.csproj", "{0D9FC49D-1DB0-400C-B412-2F7E8E8A9ACB}"
EndProject
Global
	GlobalSection(SolutionConfigurationPlatforms) = preSolution
		Debug|Any CPU = Debug|Any CPU
		Release|Any CPU = Release|Any CPU
	EndGlobalSection
	GlobalSection(ProjectConfigurationPlatforms) = postSolution
		{1456F903-6501-4107-9C0C-1C3291C4F80C}.Debug|Any CPU.ActiveCfg = Debug|Any CPU
		{1456F903-6501-4107-9C0C-1C3291C4F80C}.Debug|Any CPU.Build.0 = Debug|Any CPU
		{1456F903-6501-4107-9C0C-1C3291C4F80C}.Release|Any CPU.ActiveCfg = Release|Any CPU
		{1456F903-6501-4107-9C0C-1C3291C4F80C}.Release|Any CPU.Build.0 = Release|Any CPU
		{621063C7-5946-4585-B320-68C1AF9C23DA}.Debug|Any CPU.ActiveCfg = Debug|Any CPU
		{621063C7-5946-4585-B320-68C1AF9C23DA}.Debug|Any CPU.Build.0 = Debug|Any CPU
		{621063C7-5946-4585-B320-68C1AF9C23DA}.Release|Any CPU.ActiveCfg = Release|Any CPU
		{621063C7-5946-4585-B320-68C1AF9C23DA}.Release|Any CPU.Build.0 = Release|Any CPU
		{79E571A5-973D-46B9-98BB-8D2B8A838CFB}.Debug|Any CPU.ActiveCfg = Debug|Any CPU
		{79E571A5-973D-46B9-98BB-8D2B8A838CFB}.Debug|Any CPU.Build.0 = Debug|Any CPU
		{79E571A5-973D-46B9-98BB-8D2B8A838CFB}.Release|Any CPU.ActiveCfg = Release|Any CPU
		{79E571A5-973D-46B9-98BB-8D2B8A838CFB}.Release|Any CPU.Build.0 = Release|Any CPU
		{1228F8EF-AF32-47A2-9E31-01AF6AB5889F}.Debug|Any CPU.ActiveCfg = Debug|Any CPU
		{1228F8EF-AF32-47A2-9E31-01AF6AB5889F}.Debug|Any CPU.Build.0 = Debug|Any CPU
		{1228F8EF-AF32-47A2-9E31-01AF6AB5889F}.Release|Any CPU.ActiveCfg = Release|Any CPU
		{1228F8EF-AF32-47A2-9E31-01AF6AB5889F}.Release|Any CPU.Build.0 = Release|Any CPU
		{AA81BD1A-CD43-4FAC-92B9-BCA1E876F0B7}.Debug|Any CPU.ActiveCfg = Debug|Any CPU
		{AA81BD1A-CD43-4FAC-92B9-BCA1E876F0B7}.Debug|Any CPU.Build.0 = Debug|Any CPU
		{AA81BD1A-CD43-4FAC-92B9-BCA1E876F0B7}.Release|Any CPU.ActiveCfg = Release|Any CPU
		{AA81BD1A-CD43-4FAC-92B9-BCA1E876F0B7}.Release|Any CPU.Build.0 = Release|Any CPU
		{10E0A815-E2BC-40F4-9066-70466F419203}.Debug|Any CPU.ActiveCfg = Debug|Any CPU
		{10E0A815-E2BC-40F4-9066-70466F419203}.Debug|Any CPU.Build.0 = Debug|Any CPU
		{10E0A815-E2BC-40F4-9066-70466F419203}.Release|Any CPU.ActiveCfg = Release|Any CPU
		{10E0A815-E2BC-40F4-9066-70466F419203}.Release|Any CPU.Build.0 = Release|Any CPU
		{2EBDC919-0B6C-40EC-8FA0-0FB92D0ED373}.Debug|Any CPU.ActiveCfg = Debug|Any CPU
		{2EBDC919-0B6C-40EC-8FA0-0FB92D0ED373}.Debug|Any CPU.Build.0 = Debug|Any CPU
		{2EBDC919-0B6C-40EC-8FA0-0FB92D0ED373}.Release|Any CPU.ActiveCfg = Release|Any CPU
		{2EBDC919-0B6C-40EC-8FA0-0FB92D0ED373}.Release|Any CPU.Build.0 = Release|Any CPU
		{60313B0E-B931-42CD-9811-CBE6EBB73ACE}.Debug|Any CPU.ActiveCfg = Debug|Any CPU
		{60313B0E-B931-42CD-9811-CBE6EBB73ACE}.Debug|Any CPU.Build.0 = Debug|Any CPU
		{60313B0E-B931-42CD-9811-CBE6EBB73ACE}.Release|Any CPU.ActiveCfg = Release|Any CPU
		{60313B0E-B931-42CD-9811-CBE6EBB73ACE}.Release|Any CPU.Build.0 = Release|Any CPU
		{825007B9-295B-4344-B4E8-0CCE00B153EF}.Debug|Any CPU.ActiveCfg = Debug|Any CPU
		{825007B9-295B-4344-B4E8-0CCE00B153EF}.Debug|Any CPU.Build.0 = Debug|Any CPU
		{825007B9-295B-4344-B4E8-0CCE00B153EF}.Release|Any CPU.ActiveCfg = Release|Any CPU
		{825007B9-295B-4344-B4E8-0CCE00B153EF}.Release|Any CPU.Build.0 = Release|Any CPU
		{C69CC29A-3DD2-4FC8-93F7-5441A8D4FFD8}.Debug|Any CPU.ActiveCfg = Debug|Any CPU
		{C69CC29A-3DD2-4FC8-93F7-5441A8D4FFD8}.Debug|Any CPU.Build.0 = Debug|Any CPU
		{C69CC29A-3DD2-4FC8-93F7-5441A8D4FFD8}.Release|Any CPU.ActiveCfg = Release|Any CPU
		{C69CC29A-3DD2-4FC8-93F7-5441A8D4FFD8}.Release|Any CPU.Build.0 = Release|Any CPU
		{558A4457-2CCC-4EA3-AC88-FF8CFF4C80CA}.Debug|Any CPU.ActiveCfg = Debug|Any CPU
		{558A4457-2CCC-4EA3-AC88-FF8CFF4C80CA}.Debug|Any CPU.Build.0 = Debug|Any CPU
		{558A4457-2CCC-4EA3-AC88-FF8CFF4C80CA}.Release|Any CPU.ActiveCfg = Release|Any CPU
		{558A4457-2CCC-4EA3-AC88-FF8CFF4C80CA}.Release|Any CPU.Build.0 = Release|Any CPU
		{C9C2DBDD-D0A3-4343-AC80-A8F9909710B3}.Debug|Any CPU.ActiveCfg = Debug|Any CPU
		{C9C2DBDD-D0A3-4343-AC80-A8F9909710B3}.Debug|Any CPU.Build.0 = Debug|Any CPU
		{C9C2DBDD-D0A3-4343-AC80-A8F9909710B3}.Release|Any CPU.ActiveCfg = Release|Any CPU
		{C9C2DBDD-D0A3-4343-AC80-A8F9909710B3}.Release|Any CPU.Build.0 = Release|Any CPU
		{9444D041-FBAA-4689-A05B-8D27FEA53919}.Debug|Any CPU.ActiveCfg = Debug|Any CPU
		{9444D041-FBAA-4689-A05B-8D27FEA53919}.Debug|Any CPU.Build.0 = Debug|Any CPU
		{9444D041-FBAA-4689-A05B-8D27FEA53919}.Release|Any CPU.ActiveCfg = Release|Any CPU
		{9444D041-FBAA-4689-A05B-8D27FEA53919}.Release|Any CPU.Build.0 = Release|Any CPU
		{6F0443D6-8746-45A7-B4FC-646811A6CCCC}.Debug|Any CPU.ActiveCfg = Debug|Any CPU
		{6F0443D6-8746-45A7-B4FC-646811A6CCCC}.Debug|Any CPU.Build.0 = Debug|Any CPU
		{6F0443D6-8746-45A7-B4FC-646811A6CCCC}.Release|Any CPU.ActiveCfg = Release|Any CPU
		{6F0443D6-8746-45A7-B4FC-646811A6CCCC}.Release|Any CPU.Build.0 = Release|Any CPU
		{21AD84C8-0DD7-4410-BB83-B3E2EB0530CC}.Debug|Any CPU.ActiveCfg = Debug|Any CPU
		{21AD84C8-0DD7-4410-BB83-B3E2EB0530CC}.Debug|Any CPU.Build.0 = Debug|Any CPU
		{21AD84C8-0DD7-4410-BB83-B3E2EB0530CC}.Release|Any CPU.ActiveCfg = Release|Any CPU
		{21AD84C8-0DD7-4410-BB83-B3E2EB0530CC}.Release|Any CPU.Build.0 = Release|Any CPU
		{651EE39A-843F-439A-AF9C-F23E4841A451}.Debug|Any CPU.ActiveCfg = Debug|Any CPU
		{651EE39A-843F-439A-AF9C-F23E4841A451}.Debug|Any CPU.Build.0 = Debug|Any CPU
		{651EE39A-843F-439A-AF9C-F23E4841A451}.Release|Any CPU.ActiveCfg = Release|Any CPU
		{651EE39A-843F-439A-AF9C-F23E4841A451}.Release|Any CPU.Build.0 = Release|Any CPU
		{2451E920-554C-4E34-9D8A-470807144313}.Debug|Any CPU.ActiveCfg = Debug|Any CPU
		{2451E920-554C-4E34-9D8A-470807144313}.Debug|Any CPU.Build.0 = Debug|Any CPU
		{2451E920-554C-4E34-9D8A-470807144313}.Release|Any CPU.ActiveCfg = Release|Any CPU
		{2451E920-554C-4E34-9D8A-470807144313}.Release|Any CPU.Build.0 = Release|Any CPU
		{71E7DE59-83F2-402F-B441-37588CE5343A}.Debug|Any CPU.ActiveCfg = Debug|Any CPU
		{71E7DE59-83F2-402F-B441-37588CE5343A}.Debug|Any CPU.Build.0 = Debug|Any CPU
		{71E7DE59-83F2-402F-B441-37588CE5343A}.Release|Any CPU.ActiveCfg = Release|Any CPU
		{71E7DE59-83F2-402F-B441-37588CE5343A}.Release|Any CPU.Build.0 = Release|Any CPU
		{55D2751E-4C7E-4B7A-9C3C-AADBE5D924AC}.Debug|Any CPU.ActiveCfg = Debug|Any CPU
		{55D2751E-4C7E-4B7A-9C3C-AADBE5D924AC}.Debug|Any CPU.Build.0 = Debug|Any CPU
		{55D2751E-4C7E-4B7A-9C3C-AADBE5D924AC}.Release|Any CPU.ActiveCfg = Release|Any CPU
		{55D2751E-4C7E-4B7A-9C3C-AADBE5D924AC}.Release|Any CPU.Build.0 = Release|Any CPU
		{07AEBE03-1BA8-4FBB-AE03-DCAA78CB42B4}.Debug|Any CPU.ActiveCfg = Debug|Any CPU
		{07AEBE03-1BA8-4FBB-AE03-DCAA78CB42B4}.Debug|Any CPU.Build.0 = Debug|Any CPU
		{07AEBE03-1BA8-4FBB-AE03-DCAA78CB42B4}.Release|Any CPU.ActiveCfg = Release|Any CPU
		{07AEBE03-1BA8-4FBB-AE03-DCAA78CB42B4}.Release|Any CPU.Build.0 = Release|Any CPU
		{5F98804A-D89F-46B1-94EC-FB913B52DF4D}.Debug|Any CPU.ActiveCfg = Debug|Any CPU
		{5F98804A-D89F-46B1-94EC-FB913B52DF4D}.Debug|Any CPU.Build.0 = Debug|Any CPU
		{5F98804A-D89F-46B1-94EC-FB913B52DF4D}.Release|Any CPU.ActiveCfg = Release|Any CPU
		{5F98804A-D89F-46B1-94EC-FB913B52DF4D}.Release|Any CPU.Build.0 = Release|Any CPU
		{CDBA0E44-E95B-49CF-97EF-998B1F170C5E}.Debug|Any CPU.ActiveCfg = Debug|Any CPU
		{CDBA0E44-E95B-49CF-97EF-998B1F170C5E}.Debug|Any CPU.Build.0 = Debug|Any CPU
		{CDBA0E44-E95B-49CF-97EF-998B1F170C5E}.Release|Any CPU.ActiveCfg = Release|Any CPU
		{CDBA0E44-E95B-49CF-97EF-998B1F170C5E}.Release|Any CPU.Build.0 = Release|Any CPU
		{5CE5365B-43C5-4236-BD33-DAE80BE9D022}.Debug|Any CPU.ActiveCfg = Debug|Any CPU
		{5CE5365B-43C5-4236-BD33-DAE80BE9D022}.Debug|Any CPU.Build.0 = Debug|Any CPU
		{5CE5365B-43C5-4236-BD33-DAE80BE9D022}.Release|Any CPU.ActiveCfg = Release|Any CPU
		{5CE5365B-43C5-4236-BD33-DAE80BE9D022}.Release|Any CPU.Build.0 = Release|Any CPU
		{0D9FC49D-1DB0-400C-B412-2F7E8E8A9ACB}.Debug|Any CPU.ActiveCfg = Debug|Any CPU
		{0D9FC49D-1DB0-400C-B412-2F7E8E8A9ACB}.Debug|Any CPU.Build.0 = Debug|Any CPU
		{0D9FC49D-1DB0-400C-B412-2F7E8E8A9ACB}.Release|Any CPU.ActiveCfg = Release|Any CPU
		{0D9FC49D-1DB0-400C-B412-2F7E8E8A9ACB}.Release|Any CPU.Build.0 = Release|Any CPU
	EndGlobalSection
	GlobalSection(NestedProjects) = preSolution
		{1B49FC69-BF55-436E-AD4C-48F03C7B6242} = {CB91D70B-8339-4C48-BF05-E92014B99AD2}
		{71E7DE59-83F2-402F-B441-37588CE5343A} = {1B49FC69-BF55-436E-AD4C-48F03C7B6242}
		{55D2751E-4C7E-4B7A-9C3C-AADBE5D924AC} = {1B49FC69-BF55-436E-AD4C-48F03C7B6242}
		{07AEBE03-1BA8-4FBB-AE03-DCAA78CB42B4} = {1B49FC69-BF55-436E-AD4C-48F03C7B6242}
		{CDBA0E44-E95B-49CF-97EF-998B1F170C5E} = {1B49FC69-BF55-436E-AD4C-48F03C7B6242}
	EndGlobalSection
EndGlobal
